
Microsoft Visual Studio Solution File, Format Version 12.00
# Visual Studio Version 16
VisualStudioVersion = 16.0.29709.97
MinimumVisualStudioVersion = 10.0.40219.1
Project("{FAE04EC0-301F-11D3-BF4B-00C04F79EFBC}") = "ChuckAPI", "ChuckAPI\ChuckAPI.csproj", "{466396DB-0FFC-49D8-9ACD-7A89CD97335A}"
EndProject
Global
	GlobalSection(SolutionConfigurationPlatforms) = preSolution
		Debug|Any CPU = Debug|Any CPU
		Release|Any CPU = Release|Any CPU
	EndGlobalSection
	GlobalSection(ProjectConfigurationPlatforms) = postSolution
		{466396DB-0FFC-49D8-9ACD-7A89CD97335A}.Debug|Any CPU.ActiveCfg = Debug|Any CPU
		{466396DB-0FFC-49D8-9ACD-7A89CD97335A}.Debug|Any CPU.Build.0 = Debug|Any CPU
		{466396DB-0FFC-49D8-9ACD-7A89CD97335A}.Release|Any CPU.ActiveCfg = Release|Any CPU
		{466396DB-0FFC-49D8-9ACD-7A89CD97335A}.Release|Any CPU.Build.0 = Release|Any CPU
	EndGlobalSection
	GlobalSection(SolutionProperties) = preSolution
		HideSolutionNode = FALSE
	EndGlobalSection
	GlobalSection(ExtensibilityGlobals) = postSolution
		SolutionGuid = {CFA14A31-82E1-4C4E-864B-4E70AB9DFE60}
	EndGlobalSection
EndGlobal
